
Microsoft Visual Studio Solution File, Format Version 12.00
# Visual Studio Version 17
VisualStudioVersion = 17.9.34728.123
MinimumVisualStudioVersion = 10.0.40219.1
Project("{9A19103F-16F7-4668-BE54-9A1E7A4F7556}") = "Contact_Project(MVC)", "Contact_Project(MVC).csproj", "{B3FEDA5D-54D1-4F48-AE08-6DD9BD988A2E}"
EndProject
Global
	GlobalSection(SolutionConfigurationPlatforms) = preSolution
		Debug|Any CPU = Debug|Any CPU
		Release|Any CPU = Release|Any CPU
	EndGlobalSection
	GlobalSection(ProjectConfigurationPlatforms) = postSolution
		{B3FEDA5D-54D1-4F48-AE08-6DD9BD988A2E}.Debug|Any CPU.ActiveCfg = Debug|Any CPU
		{B3FEDA5D-54D1-4F48-AE08-6DD9BD988A2E}.Debug|Any CPU.Build.0 = Debug|Any CPU
		{B3FEDA5D-54D1-4F48-AE08-6DD9BD988A2E}.Release|Any CPU.ActiveCfg = Release|Any CPU
		{B3FEDA5D-54D1-4F48-AE08-6DD9BD988A2E}.Release|Any CPU.Build.0 = Release|Any CPU
	EndGlobalSection
	GlobalSection(SolutionProperties) = preSolution
		HideSolutionNode = FALSE
	EndGlobalSection
	GlobalSection(ExtensibilityGlobals) = postSolution
		SolutionGuid = {05912383-4C74-4219-B779-FD36CE50305D}
	EndGlobalSection
EndGlobal
